
Microsoft Visual Studio Solution File, Format Version 12.00
# Visual Studio Version 16
VisualStudioVersion = 16.0.30907.101
MinimumVisualStudioVersion = 10.0.40219.1
Project("{FAE04EC0-301F-11D3-BF4B-00C04F79EFBC}") = "practicaDB", "practicaDB\practicaDB.csproj", "{586CEE42-5595-4995-86C3-1C1E3820D46B}"
EndProject
Global
	GlobalSection(SolutionConfigurationPlatforms) = preSolution
		Debug|Any CPU = Debug|Any CPU
		Release|Any CPU = Release|Any CPU
	EndGlobalSection
	GlobalSection(ProjectConfigurationPlatforms) = postSolution
		{586CEE42-5595-4995-86C3-1C1E3820D46B}.Debug|Any CPU.ActiveCfg = Debug|Any CPU
		{586CEE42-5595-4995-86C3-1C1E3820D46B}.Debug|Any CPU.Build.0 = Debug|Any CPU
		{586CEE42-5595-4995-86C3-1C1E3820D46B}.Release|Any CPU.ActiveCfg = Release|Any CPU
		{586CEE42-5595-4995-86C3-1C1E3820D46B}.Release|Any CPU.Build.0 = Release|Any CPU
	EndGlobalSection
	GlobalSection(SolutionProperties) = preSolution
		HideSolutionNode = FALSE
	EndGlobalSection
	GlobalSection(ExtensibilityGlobals) = postSolution
		SolutionGuid = {E5AE0C49-F10D-4E09-83ED-8C6859613CE5}
	EndGlobalSection
EndGlobal
